
Microsoft Visual Studio Solution File, Format Version 12.00
# Visual Studio 15
VisualStudioVersion = 15.0.26730.16
MinimumVisualStudioVersion = 10.0.40219.1
Project("{FAE04EC0-301F-11D3-BF4B-00C04F79EFBC}") = "MvcCore2", "MvcCore2\MvcCore2.csproj", "{DB86B3CD-3209-48D6-880C-BE539765158F}"
EndProject
Global
	GlobalSection(SolutionConfigurationPlatforms) = preSolution
		Debug|Any CPU = Debug|Any CPU
		Release|Any CPU = Release|Any CPU
	EndGlobalSection
	GlobalSection(ProjectConfigurationPlatforms) = postSolution
		{DB86B3CD-3209-48D6-880C-BE539765158F}.Debug|Any CPU.ActiveCfg = Debug|Any CPU
		{DB86B3CD-3209-48D6-880C-BE539765158F}.Debug|Any CPU.Build.0 = Debug|Any CPU
		{DB86B3CD-3209-48D6-880C-BE539765158F}.Release|Any CPU.ActiveCfg = Release|Any CPU
		{DB86B3CD-3209-48D6-880C-BE539765158F}.Release|Any CPU.Build.0 = Release|Any CPU
	EndGlobalSection
	GlobalSection(SolutionProperties) = preSolution
		HideSolutionNode = FALSE
	EndGlobalSection
	GlobalSection(ExtensibilityGlobals) = postSolution
		SolutionGuid = {607AD69F-1C30-4E7D-A262-802570F1238E}
	EndGlobalSection
EndGlobal
